// !$*UTF8*$!
{
	archiveVersion = 1;
	classes = {
	};
	objectVersion = 50;
	objects = {

/* Begin PBXBuildFile section */
		DAB542DC243F5AAD006B16A4 /* AppDelegate.swift in Sources */ = {isa = PBXBuildFile; fileRef = DAB542DB243F5AAD006B16A4 /* AppDelegate.swift */; };
		DAB542DE243F5AAD006B16A4 /* SceneDelegate.swift in Sources */ = {isa = PBXBuildFile; fileRef = DAB542DD243F5AAD006B16A4 /* SceneDelegate.swift */; };
		DAB542E0243F5AAD006B16A4 /* ViewController.swift in Sources */ = {isa = PBXBuildFile; fileRef = DAB542DF243F5AAD006B16A4 /* ViewController.swift */; };
		DAB542E3243F5AAD006B16A4 /* Main.storyboard in Resources */ = {isa = PBXBuildFile; fileRef = DAB542E1243F5AAD006B16A4 /* Main.storyboard */; };
		DAB542E6243F5AAD006B16A4 /* Car_Catalog_Ui.xcdatamodeld in Sources */ = {isa = PBXBuildFile; fileRef = DAB542E4243F5AAD006B16A4 /* Car_Catalog_Ui.xcdatamodeld */; };
		DAB542E8243F5AB0006B16A4 /* Assets.xcassets in Resources */ = {isa = PBXBuildFile; fileRef = DAB542E7243F5AB0006B16A4 /* Assets.xcassets */; };
		DAB542EB243F5AB0006B16A4 /* LaunchScreen.storyboard in Resources */ = {isa = PBXBuildFile; fileRef = DAB542E9243F5AB0006B16A4 /* LaunchScreen.storyboard */; };
/* End PBXBuildFile section */

/* Begin PBXFileReference section */
		DAB542D8243F5AAD006B16A4 /* Car-Catalog-Ui.app */ = {isa = PBXFileReference; explicitFileType = wrapper.application; includeInIndex = 0; path = "Car-Catalog-Ui.app"; sourceTree = BUILT_PRODUCTS_DIR; };
		DAB542DB243F5AAD006B16A4 /* AppDelegate.swift */ = {isa = PBXFileReference; lastKnownFileType = sourcecode.swift; path = AppDelegate.swift; sourceTree = "<group>"; };
		DAB542DD243F5AAD006B16A4 /* SceneDelegate.swift */ = {isa = PBXFileReference; lastKnownFileType = sourcecode.swift; path = SceneDelegate.swift; sourceTree = "<group>"; };
		DAB542DF243F5AAD006B16A4 /* ViewController.swift */ = {isa = PBXFileReference; lastKnownFileType = sourcecode.swift; path = ViewController.swift; sourceTree = "<group>"; };
		DAB542E2243F5AAD006B16A4 /* Base */ = {isa = PBXFileReference; lastKnownFileType = file.storyboard; name = Base; path = Base.lproj/Main.storyboard; sourceTree = "<group>"; };
		DAB542E5243F5AAD006B16A4 /* Car_Catalog_Ui.xcdatamodel */ = {isa = PBXFileReference; lastKnownFileType = wrapper.xcdatamodel; path = Car_Catalog_Ui.xcdatamodel; sourceTree = "<group>"; };
		DAB542E7243F5AB0006B16A4 /* Assets.xcassets */ = {isa = PBXFileReference; lastKnownFileType = folder.assetcatalog; path = Assets.xcassets; sourceTree = "<group>"; };
		DAB542EA243F5AB0006B16A4 /* Base */ = {isa = PBXFileReference; lastKnownFileType = file.storyboard; name = Base; path = Base.lproj/LaunchScreen.storyboard; sourceTree = "<group>"; };
		DAB542EC243F5AB0006B16A4 /* Info.plist */ = {isa = PBXFileReference; lastKnownFileType = text.plist.xml; path = Info.plist; sourceTree = "<group>"; };
/* End PBXFileReference section */

/* Begin PBXFrameworksBuildPhase section */
		DAB542D5243F5AAD006B16A4 /* Frameworks */ = {
			isa = PBXFrameworksBuildPhase;
			buildActionMask = 2147483647;
			files = (
			);
			runOnlyForDeploymentPostprocessing = 0;
		};
/* End PBXFrameworksBuildPhase section */

/* Begin PBXGroup section */
		DAB542CF243F5AAD006B16A4 = {
			isa = PBXGroup;
			children = (
				DAB542DA243F5AAD006B16A4 /* Car-Catalog-Ui */,
				DAB542D9243F5AAD006B16A4 /* Products */,
			);
			sourceTree = "<group>";
		};
		DAB542D9243F5AAD006B16A4 /* Products */ = {
			isa = PBXGroup;
			children = (
				DAB542D8243F5AAD006B16A4 /* Car-Catalog-Ui.app */,
			);
			name = Products;
			sourceTree = "<group>";
		};
		DAB542DA243F5AAD006B16A4 /* Car-Catalog-Ui */ = {
			isa = PBXGroup;
			children = (
				DAB542DB243F5AAD006B16A4 /* AppDelegate.swift */,
				DAB542DD243F5AAD006B16A4 /* SceneDelegate.swift */,
				DAB542DF243F5AAD006B16A4 /* ViewController.swift */,
				DAB542E1243F5AAD006B16A4 /* Main.storyboard */,
				DAB542E7243F5AB0006B16A4 /* Assets.xcassets */,
				DAB542E9243F5AB0006B16A4 /* LaunchScreen.storyboard */,
				DAB542EC243F5AB0006B16A4 /* Info.plist */,
				DAB542E4243F5AAD006B16A4 /* Car_Catalog_Ui.xcdatamodeld */,
			);
			path = "Car-Catalog-Ui";
			sourceTree = "<group>";
		};
/* End PBXGroup section */

/* Begin PBXNativeTarget section */
		DAB542D7243F5AAD006B16A4 /* Car-Catalog-Ui */ = {
			isa = PBXNativeTarget;
			buildConfigurationList = DAB542EF243F5AB0006B16A4 /* Build configuration list for PBXNativeTarget "Car-Catalog-Ui" */;
			buildPhases = (
				DAB542D4243F5AAD006B16A4 /* Sources */,
				DAB542D5243F5AAD006B16A4 /* Frameworks */,
				DAB542D6243F5AAD006B16A4 /* Resources */,
			);
			buildRules = (
			);
			dependencies = (
			);
			name = "Car-Catalog-Ui";
			productName = "Car-Catalog-Ui";
			productReference = DAB542D8243F5AAD006B16A4 /* Car-Catalog-Ui.app */;
			productType = "com.apple.product-type.application";
		};
/* End PBXNativeTarget section */

/* Begin PBXProject section */
		DAB542D0243F5AAD006B16A4 /* Project object */ = {
			isa = PBXProject;
			attributes = {
				LastSwiftUpdateCheck = 1140;
				LastUpgradeCheck = 1140;
				ORGANIZATIONNAME = "Борис Лысиков";
				TargetAttributes = {
					DAB542D7243F5AAD006B16A4 = {
						CreatedOnToolsVersion = 11.4;
					};
				};
			};
			buildConfigurationList = DAB542D3243F5AAD006B16A4 /* Build configuration list for PBXProject "Car-Catalog-Ui" */;
			compatibilityVersion = "Xcode 9.3";
			developmentRegion = en;
			hasScannedForEncodings = 0;
			knownRegions = (
				en,
				Base,
			);
			mainGroup = DAB542CF243F5AAD006B16A4;
			productRefGroup = DAB542D9243F5AAD006B16A4 /* Products */;
			projectDirPath = "";
			projectRoot = "";
			targets = (
				DAB542D7243F5AAD006B16A4 /* Car-Catalog-Ui */,
			);
		};
/* End PBXProject section */

/* Begin PBXResourcesBuildPhase section */
		DAB542D6243F5AAD006B16A4 /* Resources */ = {
			isa = PBXResourcesBuildPhase;
			buildActionMask = 2147483647;
			files = (
				DAB542EB243F5AB0006B16A4 /* LaunchScreen.storyboard in Resources */,
				DAB542E8243F5AB0006B16A4 /* Assets.xcassets in Resources */,
				DAB542E3243F5AAD006B16A4 /* Main.storyboard in Resources */,
			);
			runOnlyForDeploymentPostprocessing = 0;
		};
/* End PBXResourcesBuildPhase section */

/* Begin PBXSourcesBuildPhase section */
		DAB542D4243F5AAD006B16A4 /* Sources */ = {
			isa = PBXSourcesBuildPhase;
			buildActionMask = 2147483647;
			files = (
				DAB542E6243F5AAD006B16A4 /* Car_Catalog_Ui.xcdatamodeld in Sources */,
				DAB542E0243F5AAD006B16A4 /* ViewController.swift in Sources */,
				DAB542DC243F5AAD006B16A4 /* AppDelegate.swift in Sources */,
				DAB542DE243F5AAD006B16A4 /* SceneDelegate.swift in Sources */,
			);
			runOnlyForDeploymentPostprocessing = 0;
		};
/* End PBXSourcesBuildPhase section */

/* Begin PBXVariantGroup section */
		DAB542E1243F5AAD006B16A4 /* Main.storyboard */ = {
			isa = PBXVariantGroup;
			children = (
				DAB542E2243F5AAD006B16A4 /* Base */,
			);
			name = Main.storyboard;
			sourceTree = "<group>";
		};
		DAB542E9243F5AB0006B16A4 /* LaunchScreen.storyboard */ = {
			isa = PBXVariantGroup;
			children = (
				DAB542EA243F5AB0006B16A4 /* Base */,
			);
			name = LaunchScreen.storyboard;
			sourceTree = "<group>";
		};
/* End PBXVariantGroup section */

/* Begin XCBuildConfiguration section */
		DAB542ED243F5AB0006B16A4 /* Debug */ = {
			isa = XCBuildConfiguration;
			buildSettings = {
				ALWAYS_SEARCH_USER_PATHS = NO;
				CLANG_ANALYZER_NONNULL = YES;
				CLANG_ANALYZER_NUMBER_OBJECT_CONVERSION = YES_AGGRESSIVE;
				CLANG_CXX_LANGUAGE_STANDARD = "gnu++14";
				CLANG_CXX_LIBRARY = "libc++";
				CLANG_ENABLE_MODULES = YES;
				CLANG_ENABLE_OBJC_ARC = YES;
				CLANG_ENABLE_OBJC_WEAK = YES;
				CLANG_WARN_BLOCK_CAPTURE_AUTORELEASING = YES;
				CLANG_WARN_BOOL_CONVERSION = YES;
				CLANG_WARN_COMMA = YES;
				CLANG_WARN_CONSTANT_CONVERSION = YES;
				CLANG_WARN_DEPRECATED_OBJC_IMPLEMENTATIONS = YES;
				CLANG_WARN_DIRECT_OBJC_ISA_USAGE = YES_ERROR;
				CLANG_WARN_DOCUMENTATION_COMMENTS = YES;
				CLANG_WARN_EMPTY_BODY = YES;
				CLANG_WARN_ENUM_CONVERSION = YES;
				CLANG_WARN_INFINITE_RECURSION = YES;
				CLANG_WARN_INT_CONVERSION = YES;
				CLANG_WARN_NON_LITERAL_NULL_CONVERSION = YES;
				CLANG_WARN_OBJC_IMPLICIT_RETAIN_SELF = YES;
				CLANG_WARN_OBJC_LITERAL_CONVERSION = YES;
				CLANG_WARN_OBJC_ROOT_CLASS = YES_ERROR;
				CLANG_WARN_RANGE_LOOP_ANALYSIS = YES;
				CLANG_WARN_STRICT_PROTOTYPES = YES;
				CLANG_WARN_SUSPICIOUS_MOVE = YES;
				CLANG_WARN_UNGUARDED_AVAILABILITY = YES_AGGRESSIVE;
				CLANG_WARN_UNREACHABLE_CODE = YES;
				CLANG_WARN__DUPLICATE_METHOD_MATCH = YES;
				COPY_PHASE_STRIP = NO;
				DEBUG_INFORMATION_FORMAT = dwarf;
				ENABLE_STRICT_OBJC_MSGSEND = YES;
				ENABLE_TESTABILITY = YES;
				GCC_C_LANGUAGE_STANDARD = gnu11;
				GCC_DYNAMIC_NO_PIC = NO;
				GCC_NO_COMMON_BLOCKS = YES;
				GCC_OPTIMIZATION_LEVEL = 0;
				GCC_PREPROCESSOR_DEFINITIONS = (
					"DEBUG=1",
					"$(inherited)",
				);
				GCC_WARN_64_TO_32_BIT_CONVERSION = YES;
				GCC_WARN_ABOUT_RETURN_TYPE = YES_ERROR;
				GCC_WARN_UNDECLARED_SELECTOR = YES;
				GCC_WARN_UNINITIALIZED_AUTOS = YES_AGGRESSIVE;
				GCC_WARN_UNUSED_FUNCTION = YES;
				GCC_WARN_UNUSED_VARIABLE = YES;
				IPHONEOS_DEPLOYMENT_TARGET = 13.4;
				MTL_ENABLE_DEBUG_INFO = INCLUDE_SOURCE;
				MTL_FAST_MATH = YES;
				ONLY_ACTIVE_ARCH = YES;
				SDKROOT = iphoneos;
				SWIFT_ACTIVE_COMPILATION_CONDITIONS = DEBUG;
				SWIFT_OPTIMIZATION_LEVEL = "-Onone";
			};
			name = Debug;
		};
		DAB542EE243F5AB0006B16A4 /* Release */ = {
			isa = XCBuildConfiguration;
			buildSettings = {
				ALWAYS_SEARCH_USER_PATHS = NO;
				CLANG_ANALYZER_NONNULL = YES;
				CLANG_ANALYZER_NUMBER_OBJECT_CONVERSION = YES_AGGRESSIVE;
				CLANG_CXX_LANGUAGE_STANDARD = "gnu++14";
				CLANG_CXX_LIBRARY = "libc++";
				CLANG_ENABLE_MODULES = YES;
				CLANG_ENABLE_OBJC_ARC = YES;
				CLANG_ENABLE_OBJC_WEAK = YES;
				CLANG_WARN_BLOCK_CAPTURE_AUTORELEASING = YES;
				CLANG_WARN_BOOL_CONVERSION = YES;
				CLANG_WARN_COMMA = YES;
				CLANG_WARN_CONSTANT_CONVERSION = YES;
				CLANG_WARN_DEPRECATED_OBJC_IMPLEMENTATIONS = YES;
				CLANG_WARN_DIRECT_OBJC_ISA_USAGE = YES_ERROR;
				CLANG_WARN_DOCUMENTATION_COMMENTS = YES;
				CLANG_WARN_EMPTY_BODY = YES;
				CLANG_WARN_ENUM_CONVERSION = YES;
				CLANG_WARN_INFINITE_RECURSION = YES;
				CLANG_WARN_INT_CONVERSION = YES;
				CLANG_WARN_NON_LITERAL_NULL_CONVERSION = YES;
				CLANG_WARN_OBJC_IMPLICIT_RETAIN_SELF = YES;
				CLANG_WARN_OBJC_LITERAL_CONVERSION = YES;
				CLANG_WARN_OBJC_ROOT_CLASS = YES_ERROR;
				CLANG_WARN_RANGE_LOOP_ANALYSIS = YES;
				CLANG_WARN_STRICT_PROTOTYPES = YES;
				CLANG_WARN_SUSPICIOUS_MOVE = YES;
				CLANG_WARN_UNGUARDED_AVAILABILITY = YES_AGGRESSIVE;
				CLANG_WARN_UNREACHABLE_CODE = YES;
				CLANG_WARN__DUPLICATE_METHOD_MATCH = YES;
				COPY_PHASE_STRIP = NO;
				DEBUG_INFORMATION_FORMAT = "dwarf-with-dsym";
				ENABLE_NS_ASSERTIONS = NO;
				ENABLE_STRICT_OBJC_MSGSEND = YES;
				GCC_C_LANGUAGE_STANDARD = gnu11;
				GCC_NO_COMMON_BLOCKS = YES;
				GCC_WARN_64_TO_32_BIT_CONVERSION = YES;
				GCC_WARN_ABOUT_RETURN_TYPE = YES_ERROR;
				GCC_WARN_UNDECLARED_SELECTOR = YES;
				GCC_WARN_UNINITIALIZED_AUTOS = YES_AGGRESSIVE;
				GCC_WARN_UNUSED_FUNCTION = YES;
				GCC_WARN_UNUSED_VARIABLE = YES;
				IPHONEOS_DEPLOYMENT_TARGET = 13.4;
				MTL_ENABLE_DEBUG_INFO = NO;
				MTL_FAST_MATH = YES;
				SDKROOT = iphoneos;
				SWIFT_COMPILATION_MODE = wholemodule;
				SWIFT_OPTIMIZATION_LEVEL = "-O";
				VALIDATE_PRODUCT = YES;
			};
			name = Release;
		};
		DAB542F0243F5AB0006B16A4 /* Debug */ = {
			isa = XCBuildConfiguration;
			buildSettings = {
				ASSETCATALOG_COMPILER_APPICON_NAME = AppIcon;
				CODE_SIGN_STYLE = Automatic;
				DEVELOPMENT_TEAM = 2HY7YN8594;
				INFOPLIST_FILE = "Car-Catalog-Ui/Info.plist";
				LD_RUNPATH_SEARCH_PATHS = (
					"$(inherited)",
					"@executable_path/Frameworks",
				);
				PRODUCT_BUNDLE_IDENTIFIER = "GoldenFox.Car-Catalog-Ui";
				PRODUCT_NAME = "$(TARGET_NAME)";
				SWIFT_VERSION = 5.0;
				TARGETED_DEVICE_FAMILY = "1,2";
			};
			name = Debug;
		};
		DAB542F1243F5AB0006B16A4 /* Release */ = {
			isa = XCBuildConfiguration;
			buildSettings = {
				ASSETCATALOG_COMPILER_APPICON_NAME = AppIcon;
				CODE_SIGN_STYLE = Automatic;
				DEVELOPMENT_TEAM = 2HY7YN8594;
				INFOPLIST_FILE = "Car-Catalog-Ui/Info.plist";
				LD_RUNPATH_SEARCH_PATHS = (
					"$(inherited)",
					"@executable_path/Frameworks",
				);
				PRODUCT_BUNDLE_IDENTIFIER = "GoldenFox.Car-Catalog-Ui";
				PRODUCT_NAME = "$(TARGET_NAME)";
				SWIFT_VERSION = 5.0;
				TARGETED_DEVICE_FAMILY = "1,2";
			};
			name = Release;
		};
/* End XCBuildConfiguration section */

/* Begin XCConfigurationList section */
		DAB542D3243F5AAD006B16A4 /* Build configuration list for PBXProject "Car-Catalog-Ui" */ = {
			isa = XCConfigurationList;
			buildConfigurations = (
				DAB542ED243F5AB0006B16A4 /* Debug */,
				DAB542EE243F5AB0006B16A4 /* Release */,
			);
			defaultConfigurationIsVisible = 0;
			defaultConfigurationName = Release;
		};
		DAB542EF243F5AB0006B16A4 /* Build configuration list for PBXNativeTarget "Car-Catalog-Ui" */ = {
			isa = XCConfigurationList;
			buildConfigurations = (
				DAB542F0243F5AB0006B16A4 /* Debug */,
				DAB542F1243F5AB0006B16A4 /* Release */,
			);
			defaultConfigurationIsVisible = 0;
			defaultConfigurationName = Release;
		};
/* End XCConfigurationList section */

/* Begin XCVersionGroup section */
		DAB542E4243F5AAD006B16A4 /* Car_Catalog_Ui.xcdatamodeld */ = {
			isa = XCVersionGroup;
			children = (
				DAB542E5243F5AAD006B16A4 /* Car_Catalog_Ui.xcdatamodel */,
			);
			currentVersion = DAB542E5243F5AAD006B16A4 /* Car_Catalog_Ui.xcdatamodel */;
			path = Car_Catalog_Ui.xcdatamodeld;
			sourceTree = "<group>";
			versionGroupType = wrapper.xcdatamodel;
		};
/* End XCVersionGroup section */
	};
	rootObject = DAB542D0243F5AAD006B16A4 /* Project object */;
}
